{
  "lockfileVersion": 1,
  "configVersion": 1,
  "workspaces": {
    "": {
      "name": "omp-manifold-plugins",
      "dependencies": {
        "@oh-my-pi/pi-ai": "18.6.1",
        "@oh-my-pi/pi-catalog": "18.6.1",
        "@oh-my-pi/pi-utils": "18.6.1",
        "zod": "4.4.3",
      },
      "devDependencies": {
        "@types/bun": "^1.3.2",
        "@types/react": "^19.2.0",
        "@types/react-dom": "^19.2.0",
        "typescript": "^5.9.3",
      },
    },
  },
  "patchedDependencies": {
    "@oh-my-pi/pi-ai@18.6.1": "patches/@oh-my-pi%2Fpi-ai@18.6.1.patch",
  },
  "packages": {
    "@oh-my-pi/omptype": ["@oh-my-pi/omptype@18.6.1", "", {}, "sha512-XSs+m/T7GbYQFurfXv9FQV53ezdxcywF+0xkTZRGsB6YIHV6Coa5vjFVVYDHLDZtoNoj0OrpjSy30kxfw5Iojw=="],

    "@oh-my-pi/pi-ai": ["@oh-my-pi/pi-ai@18.6.1", "", { "dependencies": { "@oh-my-pi/omptype": "18.6.1", "@oh-my-pi/pi-catalog": "18.6.1", "@oh-my-pi/pi-natives": "18.6.1", "@oh-my-pi/pi-utils": "18.6.1", "@oh-my-pi/pi-wire": "18.6.1" } }, "sha512-RKXFFlpZSn8yTFUaCrq0f0td2c/wpMfJAz2Aac3fEfb7e81rvAhb1D/54XLud+dQeMFDy5+5fXD9egCM9Iki7w=="],

    "@oh-my-pi/pi-catalog": ["@oh-my-pi/pi-catalog@18.6.1", "", { "dependencies": { "@oh-my-pi/omptype": "18.6.1", "@oh-my-pi/pi-utils": "18.6.1" } }, "sha512-waPK5y6jYiurTKjXbTYjKiJJ2DwBP0lBqshYXA1q+ex2+gcbJHueXCZsxbxmkX7McAxmnfzk+waAAd9ESt7R9g=="],

    "@oh-my-pi/pi-natives": ["@oh-my-pi/pi-natives@18.6.1", "", { "optionalDependencies": { "@oh-my-pi/pi-natives-darwin-arm64": "18.6.1", "@oh-my-pi/pi-natives-darwin-x64": "18.6.1", "@oh-my-pi/pi-natives-linux-arm64": "18.6.1", "@oh-my-pi/pi-natives-linux-x64": "18.6.1", "@oh-my-pi/pi-natives-win32-arm64": "18.6.1", "@oh-my-pi/pi-natives-win32-x64": "18.6.1" } }, "sha512-hEORSu2AaTzu9gCDblKkdsbXXbDKwi2nA/IALXBxosRwuaZDjmWwOEbCoaO7DXbHwUkHUsEU60RZgRBb0XA2MA=="],

    "@oh-my-pi/pi-natives-darwin-arm64": ["@oh-my-pi/pi-natives-darwin-arm64@18.6.1", "", { "os": "darwin", "cpu": "arm64" }, "sha512-+rxJXlPNDD/FD3EM37bBzY2lemTtfgkoLXafHk8Q+wNPcuiLpHTKyyUqyGnzwX8Ai8E3Ws89Y+4czs6s4BiH9w=="],

    "@oh-my-pi/pi-natives-darwin-x64": ["@oh-my-pi/pi-natives-darwin-x64@18.6.1", "", { "os": "darwin", "cpu": "x64" }, "sha512-xlqT1mC8hPUeNZvVn3S45ST/2ptOyCb72btK3UFZCFCNjv0wi60sZN43cWQ7Zb8VlnmjD5V5O1tZW479i6RbUA=="],

    "@oh-my-pi/pi-natives-linux-arm64": ["@oh-my-pi/pi-natives-linux-arm64@18.6.1", "", { "os": "linux", "cpu": "arm64" }, "sha512-GATzSJvdaQ3NUm9OcJonQAgGJFPhgDewKyg+oy1D5b61T/dr8u2hE5tHUE5PqRAlBO9aPxamb7HSbrR15VNxew=="],

    "@oh-my-pi/pi-natives-linux-x64": ["@oh-my-pi/pi-natives-linux-x64@18.6.1", "", { "os": "linux", "cpu": "x64" }, "sha512-SCv1GsZ03uMeACNuDa4Tibwn6nNQaM06GuyuFuqEuVVdMvBefCO2gwa1dQJEGQHxsL+ARQfP0AfEYUAumH1odQ=="],

    "@oh-my-pi/pi-natives-win32-arm64": ["@oh-my-pi/pi-natives-win32-arm64@18.6.1", "", { "os": "win32", "cpu": "arm64" }, "sha512-e28u3CMSYEMTSidK0ZkVYpSA0EANrSpP1tkBuBuFjMhgUG5FL+RhEnZjGut1knpc7wMps3wDwArdq6oDADJiJQ=="],

    "@oh-my-pi/pi-natives-win32-x64": ["@oh-my-pi/pi-natives-win32-x64@18.6.1", "", { "os": "win32", "cpu": "x64" }, "sha512-ir8HrtCtLpj39Pczsqes04rMphI3K3e9mPgvF8piaroMcebnnLD7jeS0GFen2bjafmRpVoipK9sXWSSc0599TA=="],

    "@oh-my-pi/pi-utils": ["@oh-my-pi/pi-utils@18.6.1", "", { "dependencies": { "@oh-my-pi/pi-natives": "18.6.1" } }, "sha512-BGe+W722o4sYvP3yt6Vs1hbLypqH3GHn02i0SbaF8a31JaEyWB6pvl1+PO5jVMBStpcopQv7Yg2aU0HNHDj6bw=="],

    "@oh-my-pi/pi-wire": ["@oh-my-pi/pi-wire@18.6.1", "", {}, "sha512-24ntk4n3nsF6q+USZcgaGDa1p/Xc8GtXbrNjM5iX5gLDe4hCVjLVbXXt13/fUszvxdVeTDCl6P8jm+rPTrMvDQ=="],

    "@types/bun": ["@types/bun@1.4.1", "", { "dependencies": { "bun-types": "1.4.1" } }, "sha512-0AVGiTXGajf1rgKom3N+c5L7CBxuoyyv1i44M0nX4UDK0G/fnRAMiri93nHuVPIb429KKtAgj7HatVmmOjeQLA=="],

    "@types/node": ["@types/node@26.4.1", "", { "dependencies": { "undici-types": "~8.3.0" } }, "sha512-k97ENvZWtvA6yqz5/FS6a7duDgOPEeOQOc2iKS/nY6mX6qJUKtLnWzQS+Xj6tXweyj6ZcTAK2Qecetnvi9nCLA=="],

    "@types/react": ["@types/react@19.2.18", "", { "dependencies": { "csstype": "^3.2.2" } }, "sha512-AnzbBERsrLKtk2XSfTbYRLjQPdy116Sty4q+T+Bp3IC4l6jNBvreVPAHmpq9qhXQM7CXZPjLVmGMw9sy+hxQ3w=="],

    "@types/react-dom": ["@types/react-dom@19.2.7", "", { "peerDependencies": { "@types/react": "^19.2.0" } }, "sha512-I8bPpDLcHBv1qiIiXDCy71Rt8eQDKJP0sMSWJphDdAcdqiJ1sGpZamavoEIRZmYzjia9LuEb2HlYdDpmoENpvQ=="],

    "bun-types": ["bun-types@1.4.1", "", { "dependencies": { "@types/node": "*" } }, "sha512-loKuVrAFZKfEv+JvWkHRS9GW5IqLuLRjVXN9p+vZvBN86O5hf/pBZQ5hSoyipsrMmWObZBDvWnlmKvjKTM0PdA=="],

    "csstype": ["csstype@3.2.3", "", {}, "sha512-z1HGKcYy2xA8AGQfwrn0PAy+PB7X/GSj3UVJW9qKyn43xWa+gl5nXmU4qqLMRzWVLFC8KusUX8T/0kCiOYpAIQ=="],

    "typescript": ["typescript@5.9.3", "", { "bin": { "tsc": "bin/tsc", "tsserver": "bin/tsserver" } }, "sha512-jl1vZzPDinLr9eUt3J/t7V6FgNEw9QjvBPdysz9KfQDD41fQrC2Y4vKQdiaUpFT4bXlb1RHhLpp8wtm6M5TgSw=="],

    "undici-types": ["undici-types@8.3.0", "", {}, "sha512-j375ScV60dom+YkPFIfTLcOiPxkN/buHz5GobjLhixFuANaNs3C9l4GmrWqejgXWJ7BbJcFYpTEUkS1Ge8bpZQ=="],

    "zod": ["zod@4.4.3", "", {}, "sha512-ytENFjIJFl2UwYglde2jchW2Hwm4GJFLDiSXWdTrJQBIN9Fcyp7n4DhxJEiWNAJMV1/BqWfW/kkg71UDcHJyTQ=="],
  }
}
