{
  "lockfileVersion": 1,
  "configVersion": 1,
  "workspaces": {
    "": {
      "name": "omp-manifold-plugins",
      "dependencies": {
        "@oh-my-pi/pi-ai": "18.7.0",
        "@oh-my-pi/pi-catalog": "18.7.0",
        "@oh-my-pi/pi-utils": "18.7.0",
        "zod": "4.4.3",
      },
      "devDependencies": {
        "@types/bun": "^1.3.2",
        "@types/react": "^19.2.0",
        "@types/react-dom": "^19.2.0",
        "typescript": "^5.9.3",
      },
    },
  },
  "patchedDependencies": {
    "@oh-my-pi/pi-ai@18.7.0": "patches/@oh-my-pi%2Fpi-ai@18.7.0.patch",
  },
  "packages": {
    "@oh-my-pi/omptype": ["@oh-my-pi/omptype@18.7.0", "", {}, "sha512-hF5BuLWbHvbVuS3mSffm5pTIQRkSTcLaUSwTk9dE5cTJS0MHU0GjuR6E5FHb32GogQVxhMZEKP+01pFMPfEzQQ=="],

    "@oh-my-pi/pi-ai": ["@oh-my-pi/pi-ai@18.7.0", "", { "dependencies": { "@oh-my-pi/omptype": "18.7.0", "@oh-my-pi/pi-catalog": "18.7.0", "@oh-my-pi/pi-natives": "18.7.0", "@oh-my-pi/pi-utils": "18.7.0", "@oh-my-pi/pi-wire": "18.7.0" } }, "sha512-U8Guy7mheiBVUgzBizADCgwGmgV1rrP+HeGphIFcQ+qt7an3ZiqYtNh5oZEwFRptjhGlxTPElScP/uz8sXCshg=="],

    "@oh-my-pi/pi-catalog": ["@oh-my-pi/pi-catalog@18.7.0", "", { "dependencies": { "@oh-my-pi/omptype": "18.7.0", "@oh-my-pi/pi-utils": "18.7.0" } }, "sha512-PmzTjxyTRZ27g9releuH5O8YSaUmnCfVYpYbVJhJ9VXuP91DcA/DpAGXjF/dRCRHtD4ag7ktX6212lMUCXNZDg=="],

    "@oh-my-pi/pi-natives": ["@oh-my-pi/pi-natives@18.7.0", "", { "optionalDependencies": { "@oh-my-pi/pi-natives-darwin-arm64": "18.7.0", "@oh-my-pi/pi-natives-darwin-x64": "18.7.0", "@oh-my-pi/pi-natives-linux-arm64": "18.7.0", "@oh-my-pi/pi-natives-linux-x64": "18.7.0", "@oh-my-pi/pi-natives-win32-arm64": "18.7.0", "@oh-my-pi/pi-natives-win32-x64": "18.7.0" } }, "sha512-haOwxd82yfeZkCZgO2/E16GuBjgCbBm9s9p/8xh8qHDhOm1/g+F3HolydFQwd8ean3DycLySMD1rIOV+3jt2ag=="],

    "@oh-my-pi/pi-natives-darwin-arm64": ["@oh-my-pi/pi-natives-darwin-arm64@18.7.0", "", { "os": "darwin", "cpu": "arm64" }, "sha512-PAW51e3PWFnHODvWiZf3lJqVosIZFbP6QH69ZGAyFfkYsik2qM5xE/9nwaxoOviWd+b2OkJF7X3eQUmGP3bE0A=="],

    "@oh-my-pi/pi-natives-darwin-x64": ["@oh-my-pi/pi-natives-darwin-x64@18.7.0", "", { "os": "darwin", "cpu": "x64" }, "sha512-lMe51f9/rc6d+weHNwbcTl/8Zi6y2YP2sgaZMmVwZ4DkSDAR+ID69snQ9Jkesw38oLgQ7R4m5oqI6DfWJRkRPQ=="],

    "@oh-my-pi/pi-natives-linux-arm64": ["@oh-my-pi/pi-natives-linux-arm64@18.7.0", "", { "os": "linux", "cpu": "arm64" }, "sha512-ZUfA+LuBUzZ2MW3xcmqIdKJNceoF4Q4LPoKSsiz0lyyw5WpZCWCNnvf2taOclVSfYfjmYccDCEB/vs6R/JoDvQ=="],

    "@oh-my-pi/pi-natives-linux-x64": ["@oh-my-pi/pi-natives-linux-x64@18.7.0", "", { "os": "linux", "cpu": "x64" }, "sha512-bXyagqxl9oIFFBQFehK3qcnl4Xdfurf1ElC/sKcynq1/FkFX1lLyWBaMQrYNnWoMVH5Xj82tSmRJgy17+Dsn/w=="],

    "@oh-my-pi/pi-natives-win32-arm64": ["@oh-my-pi/pi-natives-win32-arm64@18.7.0", "", { "os": "win32", "cpu": "arm64" }, "sha512-f68gEo1UTApsaZpUZtnOfJwoThSl2im38AdqIVNAnYoMIW9eoQ6l0TNSPdbh3MiIkWOcdFJpHzzkAXXwh267YA=="],

    "@oh-my-pi/pi-natives-win32-x64": ["@oh-my-pi/pi-natives-win32-x64@18.7.0", "", { "os": "win32", "cpu": "x64" }, "sha512-Ks9DmrhTe0y+cmZuy+HVO0inQkvrPQZY6zacRqAYx+fgCc3B/Oez2yjLUaAjRmYSEHil41nHkP1TFjMa2w+kjA=="],

    "@oh-my-pi/pi-utils": ["@oh-my-pi/pi-utils@18.7.0", "", { "dependencies": { "@oh-my-pi/pi-natives": "18.7.0" } }, "sha512-UjKFGagR5na9HPnkQXCIY7vngW1C2OYHy69DrG+eRTA70Lc5s6B7zzyLE7RLkD6fXDp/m34Ni6rAVqxgq1AzlA=="],

    "@oh-my-pi/pi-wire": ["@oh-my-pi/pi-wire@18.7.0", "", {}, "sha512-oOc7q7g7cAO4VMGVnmN3Z1aS3guv8FNHyfB+x+w1LAyjc8HEu9M/6/ktS0vT/F/WSXft8OJF4vgFat0aK4FwoQ=="],

    "@types/bun": ["@types/bun@1.4.1", "", { "dependencies": { "bun-types": "1.4.1" } }, "sha512-0AVGiTXGajf1rgKom3N+c5L7CBxuoyyv1i44M0nX4UDK0G/fnRAMiri93nHuVPIb429KKtAgj7HatVmmOjeQLA=="],

    "@types/node": ["@types/node@26.4.1", "", { "dependencies": { "undici-types": "~8.3.0" } }, "sha512-k97ENvZWtvA6yqz5/FS6a7duDgOPEeOQOc2iKS/nY6mX6qJUKtLnWzQS+Xj6tXweyj6ZcTAK2Qecetnvi9nCLA=="],

    "@types/react": ["@types/react@19.2.18", "", { "dependencies": { "csstype": "^3.2.2" } }, "sha512-AnzbBERsrLKtk2XSfTbYRLjQPdy116Sty4q+T+Bp3IC4l6jNBvreVPAHmpq9qhXQM7CXZPjLVmGMw9sy+hxQ3w=="],

    "@types/react-dom": ["@types/react-dom@19.2.7", "", { "peerDependencies": { "@types/react": "^19.2.0" } }, "sha512-I8bPpDLcHBv1qiIiXDCy71Rt8eQDKJP0sMSWJphDdAcdqiJ1sGpZamavoEIRZmYzjia9LuEb2HlYdDpmoENpvQ=="],

    "bun-types": ["bun-types@1.4.1", "", { "dependencies": { "@types/node": "*" } }, "sha512-loKuVrAFZKfEv+JvWkHRS9GW5IqLuLRjVXN9p+vZvBN86O5hf/pBZQ5hSoyipsrMmWObZBDvWnlmKvjKTM0PdA=="],

    "csstype": ["csstype@3.2.3", "", {}, "sha512-z1HGKcYy2xA8AGQfwrn0PAy+PB7X/GSj3UVJW9qKyn43xWa+gl5nXmU4qqLMRzWVLFC8KusUX8T/0kCiOYpAIQ=="],

    "typescript": ["typescript@5.9.3", "", { "bin": { "tsc": "bin/tsc", "tsserver": "bin/tsserver" } }, "sha512-jl1vZzPDinLr9eUt3J/t7V6FgNEw9QjvBPdysz9KfQDD41fQrC2Y4vKQdiaUpFT4bXlb1RHhLpp8wtm6M5TgSw=="],

    "undici-types": ["undici-types@8.3.0", "", {}, "sha512-j375ScV60dom+YkPFIfTLcOiPxkN/buHz5GobjLhixFuANaNs3C9l4GmrWqejgXWJ7BbJcFYpTEUkS1Ge8bpZQ=="],

    "zod": ["zod@4.4.3", "", {}, "sha512-ytENFjIJFl2UwYglde2jchW2Hwm4GJFLDiSXWdTrJQBIN9Fcyp7n4DhxJEiWNAJMV1/BqWfW/kkg71UDcHJyTQ=="],
  }
}
