{
  "lockfileVersion": 1,
  "configVersion": 1,
  "workspaces": {
    "": {
      "name": "omp-manifold-plugins",
      "dependencies": {
        "@oh-my-pi/pi-ai": "18.4.12",
        "@oh-my-pi/pi-catalog": "18.4.12",
        "@oh-my-pi/pi-utils": "18.4.12",
        "zod": "4.4.3",
      },
      "devDependencies": {
        "@types/bun": "^1.3.2",
        "@types/react": "^19.2.0",
        "@types/react-dom": "^19.2.0",
        "typescript": "^5.9.3",
      },
    },
  },
  "patchedDependencies": {
    "@oh-my-pi/pi-ai@18.4.12": "patches/@oh-my-pi%2Fpi-ai@18.4.12.patch",
  },
  "packages": {
    "@oh-my-pi/omptype": ["@oh-my-pi/omptype@18.4.12", "", {}, "sha512-q5QouToaZ7l6C3MSKp0yrr3fMayTWeS950H3Te03OKIEM2x/c1EXUjFgfEBb8V7GbTVAEYVDcmtSXrLpUxMUEA=="],

    "@oh-my-pi/pi-ai": ["@oh-my-pi/pi-ai@18.4.12", "", { "dependencies": { "@oh-my-pi/omptype": "18.4.12", "@oh-my-pi/pi-catalog": "18.4.12", "@oh-my-pi/pi-natives": "18.4.12", "@oh-my-pi/pi-utils": "18.4.12", "@oh-my-pi/pi-wire": "18.4.12" } }, "sha512-o5ED+YbxFj4PZ34botoL8ThiEjfNitbqMObBTfbgFdtow+uAZWlRRZ9MHPHR9uZiYrOdLCMjt8l72ga+UBoUfA=="],

    "@oh-my-pi/pi-catalog": ["@oh-my-pi/pi-catalog@18.4.12", "", { "dependencies": { "@oh-my-pi/omptype": "18.4.12", "@oh-my-pi/pi-utils": "18.4.12" } }, "sha512-RJCryq49wO2zoJ9BMyV4TV9lq1lPLpOnO+iHtqu8hoT0YdiM+JYN7+iG44FJVF0cAHMnY5hpFyYXyuU5g6N2lA=="],

    "@oh-my-pi/pi-natives": ["@oh-my-pi/pi-natives@18.4.12", "", { "optionalDependencies": { "@oh-my-pi/pi-natives-darwin-arm64": "18.4.12", "@oh-my-pi/pi-natives-darwin-x64": "18.4.12", "@oh-my-pi/pi-natives-linux-arm64": "18.4.12", "@oh-my-pi/pi-natives-linux-x64": "18.4.12", "@oh-my-pi/pi-natives-win32-arm64": "18.4.12", "@oh-my-pi/pi-natives-win32-x64": "18.4.12" } }, "sha512-Uy9i/ITQfAcDjQlpxR6jjzrbZrG9gqcfagQaL+crsy7ZoShvpcvoOcBry2pvQl+TyjWFbdGp2DkIw79lb2uslA=="],

    "@oh-my-pi/pi-natives-darwin-arm64": ["@oh-my-pi/pi-natives-darwin-arm64@18.4.12", "", { "os": "darwin", "cpu": "arm64" }, "sha512-tub6EWayLV4fsvZ45aVP2UuwFidEbVfgHsdxgphq2uINYxvuIsUo0qRcJRLCxeTluV37v0ItpK5xNi2N1ABjJA=="],

    "@oh-my-pi/pi-natives-darwin-x64": ["@oh-my-pi/pi-natives-darwin-x64@18.4.12", "", { "os": "darwin", "cpu": "x64" }, "sha512-CLXGKXeN2+Bf/EJ/VXNmXuq0BXvPnfiqxa1OTFfePrDJe7o5T11P39gm62g6o+V2duaEOhTAgm4U4FFYFdEQiw=="],

    "@oh-my-pi/pi-natives-linux-arm64": ["@oh-my-pi/pi-natives-linux-arm64@18.4.12", "", { "os": "linux", "cpu": "arm64" }, "sha512-ezgc4uTCJLlT+qbLw1gUXDl+UPuc36oEcfZguBb1UORzIQNjwmSoL7GG9NbcWwrqAjUv7118McXX8QXLQxM1bg=="],

    "@oh-my-pi/pi-natives-linux-x64": ["@oh-my-pi/pi-natives-linux-x64@18.4.12", "", { "os": "linux", "cpu": "x64" }, "sha512-DRzKJZVzkOS/eqCjEAtoHfYgBdZTO0b7lRlrZ/zbJAIU5J8584A6Pfc5LuSU9nJhOEtzBurQtdV2qDLHcvcRcw=="],

    "@oh-my-pi/pi-natives-win32-arm64": ["@oh-my-pi/pi-natives-win32-arm64@18.4.12", "", { "os": "win32", "cpu": "arm64" }, "sha512-HyFnLsTPBUlLDZMGJRhBs4B73y1lIC4u9saM4vVRbns02Yu4B10ZOBrjpxoYADKOt554w8LQTPoiDhyaFtRjfg=="],

    "@oh-my-pi/pi-natives-win32-x64": ["@oh-my-pi/pi-natives-win32-x64@18.4.12", "", { "os": "win32", "cpu": "x64" }, "sha512-MC7D080Er1UtkVGWULQcMLcMAqfsgBbE1ugMzC9IrsWMs6Z017Xa1RDxqR48FC5tveVNH5NF97oT1weM3GDS9A=="],

    "@oh-my-pi/pi-utils": ["@oh-my-pi/pi-utils@18.4.12", "", { "dependencies": { "@oh-my-pi/pi-natives": "18.4.12" } }, "sha512-Q5MY8adVkd62OgneqFpSxK3MWWm8kFvNQ/LBsF04g/Rrt19MH/7LbdNLq5KhiD1L2V3k5cGoBi1Ja3Axw3Fn/A=="],

    "@oh-my-pi/pi-wire": ["@oh-my-pi/pi-wire@18.4.12", "", {}, "sha512-8tI4nS7/gGr/SZ7AmBjHp03lm0q1NqUoThdPRxn7gxcwezz5QVSdhD1lRfon87zmLBIFWfe9RrOxgtVgFuyAOg=="],

    "@types/bun": ["@types/bun@1.4.1", "", { "dependencies": { "bun-types": "1.4.1" } }, "sha512-0AVGiTXGajf1rgKom3N+c5L7CBxuoyyv1i44M0nX4UDK0G/fnRAMiri93nHuVPIb429KKtAgj7HatVmmOjeQLA=="],

    "@types/node": ["@types/node@26.4.1", "", { "dependencies": { "undici-types": "~8.3.0" } }, "sha512-k97ENvZWtvA6yqz5/FS6a7duDgOPEeOQOc2iKS/nY6mX6qJUKtLnWzQS+Xj6tXweyj6ZcTAK2Qecetnvi9nCLA=="],

    "@types/react": ["@types/react@19.2.18", "", { "dependencies": { "csstype": "^3.2.2" } }, "sha512-AnzbBERsrLKtk2XSfTbYRLjQPdy116Sty4q+T+Bp3IC4l6jNBvreVPAHmpq9qhXQM7CXZPjLVmGMw9sy+hxQ3w=="],

    "@types/react-dom": ["@types/react-dom@19.2.7", "", { "peerDependencies": { "@types/react": "^19.2.0" } }, "sha512-I8bPpDLcHBv1qiIiXDCy71Rt8eQDKJP0sMSWJphDdAcdqiJ1sGpZamavoEIRZmYzjia9LuEb2HlYdDpmoENpvQ=="],

    "bun-types": ["bun-types@1.4.1", "", { "dependencies": { "@types/node": "*" } }, "sha512-loKuVrAFZKfEv+JvWkHRS9GW5IqLuLRjVXN9p+vZvBN86O5hf/pBZQ5hSoyipsrMmWObZBDvWnlmKvjKTM0PdA=="],

    "csstype": ["csstype@3.2.3", "", {}, "sha512-z1HGKcYy2xA8AGQfwrn0PAy+PB7X/GSj3UVJW9qKyn43xWa+gl5nXmU4qqLMRzWVLFC8KusUX8T/0kCiOYpAIQ=="],

    "typescript": ["typescript@5.9.3", "", { "bin": { "tsc": "bin/tsc", "tsserver": "bin/tsserver" } }, "sha512-jl1vZzPDinLr9eUt3J/t7V6FgNEw9QjvBPdysz9KfQDD41fQrC2Y4vKQdiaUpFT4bXlb1RHhLpp8wtm6M5TgSw=="],

    "undici-types": ["undici-types@8.3.0", "", {}, "sha512-j375ScV60dom+YkPFIfTLcOiPxkN/buHz5GobjLhixFuANaNs3C9l4GmrWqejgXWJ7BbJcFYpTEUkS1Ge8bpZQ=="],

    "zod": ["zod@4.4.3", "", {}, "sha512-ytENFjIJFl2UwYglde2jchW2Hwm4GJFLDiSXWdTrJQBIN9Fcyp7n4DhxJEiWNAJMV1/BqWfW/kkg71UDcHJyTQ=="],
  }
}
